
Microsoft Visual Studio Solution File, Format Version 12.00
# Visual Studio Version 16
VisualStudioVersion = 16.0.30621.155
MinimumVisualStudioVersion = 10.0.40219.1
Project("{FAE04EC0-301F-11D3-BF4B-00C04F79EFBC}") = "XamarinFirebase.Android", "XamarinFirebase\XamarinFirebase.Android\XamarinFirebase.Android.csproj", "{C2001873-3128-40E5-96E2-87A79382BC76}"
EndProject
Project("{FAE04EC0-301F-11D3-BF4B-00C04F79EFBC}") = "XamarinFirebase", "XamarinFirebase\XamarinFirebase\XamarinFirebase.csproj", "{6CF45F0D-02C7-4204-B701-60161863D0B6}"
EndProject
Global
	GlobalSection(SolutionConfigurationPlatforms) = preSolution
		Debug|Any CPU = Debug|Any CPU
		Release|Any CPU = Release|Any CPU
	EndGlobalSection
	GlobalSection(ProjectConfigurationPlatforms) = postSolution
		{C2001873-3128-40E5-96E2-87A79382BC76}.Debug|Any CPU.ActiveCfg = Debug|Any CPU
		{C2001873-3128-40E5-96E2-87A79382BC76}.Debug|Any CPU.Build.0 = Debug|Any CPU
		{C2001873-3128-40E5-96E2-87A79382BC76}.Debug|Any CPU.Deploy.0 = Debug|Any CPU
		{C2001873-3128-40E5-96E2-87A79382BC76}.Release|Any CPU.ActiveCfg = Release|Any CPU
		{C2001873-3128-40E5-96E2-87A79382BC76}.Release|Any CPU.Build.0 = Release|Any CPU
		{C2001873-3128-40E5-96E2-87A79382BC76}.Release|Any CPU.Deploy.0 = Release|Any CPU
		{6CF45F0D-02C7-4204-B701-60161863D0B6}.Debug|Any CPU.ActiveCfg = Debug|Any CPU
		{6CF45F0D-02C7-4204-B701-60161863D0B6}.Debug|Any CPU.Build.0 = Debug|Any CPU
		{6CF45F0D-02C7-4204-B701-60161863D0B6}.Debug|Any CPU.Deploy.0 = Debug|Any CPU
		{6CF45F0D-02C7-4204-B701-60161863D0B6}.Release|Any CPU.ActiveCfg = Release|Any CPU
		{6CF45F0D-02C7-4204-B701-60161863D0B6}.Release|Any CPU.Build.0 = Release|Any CPU
		{6CF45F0D-02C7-4204-B701-60161863D0B6}.Release|Any CPU.Deploy.0 = Release|Any CPU
	EndGlobalSection
	GlobalSection(SolutionProperties) = preSolution
		HideSolutionNode = FALSE
	EndGlobalSection
	GlobalSection(ExtensibilityGlobals) = postSolution
		SolutionGuid = {9D6B33CB-FA88-475C-8744-E19CA6B5D285}
	EndGlobalSection
EndGlobal
